
Microsoft Visual Studio Solution File, Format Version 12.00
# Visual Studio Version 17
VisualStudioVersion = 17.5.33530.505
MinimumVisualStudioVersion = 10.0.40219.1
Project("{9A19103F-16F7-4668-BE54-9A1E7A4F7556}") = "DungeonsAndDragons", "DungeonsAndDragons.csproj", "{E8FF02FE-A5D8-4DD6-8B38-6D8428453ED5}"
EndProject
Project("{FAE04EC0-301F-11D3-BF4B-00C04F79EFBC}") = "DungeonsAndDragons.Domain", "..\DungeonsAndDragons.Domain\DungeonsAndDragons.Domain.csproj", "{9F478A71-B178-4F93-81DE-51828718008A}"
	ProjectSection(ProjectDependencies) = postProject
		{E8FF02FE-A5D8-4DD6-8B38-6D8428453ED5} = {E8FF02FE-A5D8-4DD6-8B38-6D8428453ED5}
	EndProjectSection
EndProject
Project("{FAE04EC0-301F-11D3-BF4B-00C04F79EFBC}") = "DungeonsAndDragons.DataAccess", "..\DungeonsAndDragons.DataAccess\DungeonsAndDragons.DataAccess.csproj", "{0D304751-0076-4A37-A369-22120C3937F7}"
EndProject
Project("{FAE04EC0-301F-11D3-BF4B-00C04F79EFBC}") = "DungeonsAndDragons.Services", "..\DungeonsAndDragons.Services\DungeonsAndDragons.Services.csproj", "{7F5AC8E9-130B-4803-A16A-BEC25DE24FED}"
EndProject
Project("{FAE04EC0-301F-11D3-BF4B-00C04F79EFBC}") = "DungeonsAndDragons.Identity", "..\DungeonsAndDragons.Identity\DungeonsAndDragons.Identity.csproj", "{EF75DF2D-9805-4813-A1AD-5E6C6E0207BD}"
EndProject
Global
	GlobalSection(SolutionConfigurationPlatforms) = preSolution
		Debug|Any CPU = Debug|Any CPU
		Release|Any CPU = Release|Any CPU
	EndGlobalSection
	GlobalSection(ProjectConfigurationPlatforms) = postSolution
		{E8FF02FE-A5D8-4DD6-8B38-6D8428453ED5}.Debug|Any CPU.ActiveCfg = Debug|Any CPU
		{E8FF02FE-A5D8-4DD6-8B38-6D8428453ED5}.Debug|Any CPU.Build.0 = Debug|Any CPU
		{E8FF02FE-A5D8-4DD6-8B38-6D8428453ED5}.Release|Any CPU.ActiveCfg = Release|Any CPU
		{E8FF02FE-A5D8-4DD6-8B38-6D8428453ED5}.Release|Any CPU.Build.0 = Release|Any CPU
		{9F478A71-B178-4F93-81DE-51828718008A}.Debug|Any CPU.ActiveCfg = Debug|Any CPU
		{9F478A71-B178-4F93-81DE-51828718008A}.Debug|Any CPU.Build.0 = Debug|Any CPU
		{9F478A71-B178-4F93-81DE-51828718008A}.Release|Any CPU.ActiveCfg = Release|Any CPU
		{9F478A71-B178-4F93-81DE-51828718008A}.Release|Any CPU.Build.0 = Release|Any CPU
		{0D304751-0076-4A37-A369-22120C3937F7}.Debug|Any CPU.ActiveCfg = Debug|Any CPU
		{0D304751-0076-4A37-A369-22120C3937F7}.Debug|Any CPU.Build.0 = Debug|Any CPU
		{0D304751-0076-4A37-A369-22120C3937F7}.Release|Any CPU.ActiveCfg = Release|Any CPU
		{0D304751-0076-4A37-A369-22120C3937F7}.Release|Any CPU.Build.0 = Release|Any CPU
		{7F5AC8E9-130B-4803-A16A-BEC25DE24FED}.Debug|Any CPU.ActiveCfg = Debug|Any CPU
		{7F5AC8E9-130B-4803-A16A-BEC25DE24FED}.Debug|Any CPU.Build.0 = Debug|Any CPU
		{7F5AC8E9-130B-4803-A16A-BEC25DE24FED}.Release|Any CPU.ActiveCfg = Release|Any CPU
		{7F5AC8E9-130B-4803-A16A-BEC25DE24FED}.Release|Any CPU.Build.0 = Release|Any CPU
		{EF75DF2D-9805-4813-A1AD-5E6C6E0207BD}.Debug|Any CPU.ActiveCfg = Debug|Any CPU
		{EF75DF2D-9805-4813-A1AD-5E6C6E0207BD}.Debug|Any CPU.Build.0 = Debug|Any CPU
		{EF75DF2D-9805-4813-A1AD-5E6C6E0207BD}.Release|Any CPU.ActiveCfg = Release|Any CPU
		{EF75DF2D-9805-4813-A1AD-5E6C6E0207BD}.Release|Any CPU.Build.0 = Release|Any CPU
	EndGlobalSection
	GlobalSection(SolutionProperties) = preSolution
		HideSolutionNode = FALSE
	EndGlobalSection
	GlobalSection(ExtensibilityGlobals) = postSolution
		SolutionGuid = {55259FF4-EC28-4AA7-85D4-DD7D1BB02533}
	EndGlobalSection
EndGlobal
